
Microsoft Visual Studio Solution File, Format Version 12.00
# Visual Studio Version 17
VisualStudioVersion = 17.11.35312.102
MinimumVisualStudioVersion = 10.0.40219.1
Project("{FAE04EC0-301F-11D3-BF4B-00C04F79EFBC}") = "BalTools", "BalTools.csproj", "{DA8D8B82-1231-4CC7-8301-4FDB6759BE85}"
EndProject
Global
	GlobalSection(SolutionConfigurationPlatforms) = preSolution
		Debug|Any CPU = Debug|Any CPU
		Release|Any CPU = Release|Any CPU
	EndGlobalSection
	GlobalSection(ProjectConfigurationPlatforms) = postSolution
		{DA8D8B82-1231-4CC7-8301-4FDB6759BE85}.Debug|Any CPU.ActiveCfg = Debug|Any CPU
		{DA8D8B82-1231-4CC7-8301-4FDB6759BE85}.Debug|Any CPU.Build.0 = Debug|Any CPU
		{DA8D8B82-1231-4CC7-8301-4FDB6759BE85}.Release|Any CPU.ActiveCfg = Release|Any CPU
		{DA8D8B82-1231-4CC7-8301-4FDB6759BE85}.Release|Any CPU.Build.0 = Release|Any CPU
	EndGlobalSection
	GlobalSection(SolutionProperties) = preSolution
		HideSolutionNode = FALSE
	EndGlobalSection
	GlobalSection(ExtensibilityGlobals) = postSolution
		SolutionGuid = {F639734F-A951-4854-BB5C-62A8CE0B2C08}
	EndGlobalSection
EndGlobal
